
Microsoft Visual Studio Solution File, Format Version 12.00
# Visual Studio Version 17
VisualStudioVersion = 17.14.37012.4 d17.14
MinimumVisualStudioVersion = 10.0.40219.1
Project("{FAE04EC0-301F-11D3-BF4B-00C04F79EFBC}") = "Bank", "Bank.csproj", "{5363656D-0E16-43F4-AB20-CD68AE3D7D1F}"
EndProject
Project("{FAE04EC0-301F-11D3-BF4B-00C04F79EFBC}") = "BankTests", "..\BankTests\BankTests.csproj", "{70DC039D-A2D6-4704-B83B-A763FB33F64E}"
EndProject
Global
	GlobalSection(SolutionConfigurationPlatforms) = preSolution
		Debug|Any CPU = Debug|Any CPU
		Release|Any CPU = Release|Any CPU
	EndGlobalSection
	GlobalSection(ProjectConfigurationPlatforms) = postSolution
		{5363656D-0E16-43F4-AB20-CD68AE3D7D1F}.Debug|Any CPU.ActiveCfg = Debug|Any CPU
		{5363656D-0E16-43F4-AB20-CD68AE3D7D1F}.Debug|Any CPU.Build.0 = Debug|Any CPU
		{5363656D-0E16-43F4-AB20-CD68AE3D7D1F}.Release|Any CPU.ActiveCfg = Release|Any CPU
		{5363656D-0E16-43F4-AB20-CD68AE3D7D1F}.Release|Any CPU.Build.0 = Release|Any CPU
		{70DC039D-A2D6-4704-B83B-A763FB33F64E}.Debug|Any CPU.ActiveCfg = Debug|Any CPU
		{70DC039D-A2D6-4704-B83B-A763FB33F64E}.Debug|Any CPU.Build.0 = Debug|Any CPU
		{70DC039D-A2D6-4704-B83B-A763FB33F64E}.Release|Any CPU.ActiveCfg = Release|Any CPU
		{70DC039D-A2D6-4704-B83B-A763FB33F64E}.Release|Any CPU.Build.0 = Release|Any CPU
	EndGlobalSection
	GlobalSection(SolutionProperties) = preSolution
		HideSolutionNode = FALSE
	EndGlobalSection
	GlobalSection(ExtensibilityGlobals) = postSolution
		SolutionGuid = {1F566A9B-C8CC-4741-96E6-40C8A09EC303}
	EndGlobalSection
EndGlobal
