
Microsoft Visual Studio Solution File, Format Version 12.00
# Visual Studio Version 17
VisualStudioVersion = 17.14.37012.4
MinimumVisualStudioVersion = 10.0.40219.1
Project("{FAE04EC0-301F-11D3-BF4B-00C04F79EFBC}") = "s2w3Challenge", "s2w3Challenge.csproj", "{17B0B545-F816-4D1B-91DB-0736314D64CD}"
EndProject
Project("{FAE04EC0-301F-11D3-BF4B-00C04F79EFBC}") = "s2w3ChallengeTests", "..\PostgradStudentTests\s2w3ChallengeTests.csproj", "{96CB7C0B-2C36-4726-A47A-3F99848955DD}"
EndProject
Global
	GlobalSection(SolutionConfigurationPlatforms) = preSolution
		Debug|Any CPU = Debug|Any CPU
		Release|Any CPU = Release|Any CPU
	EndGlobalSection
	GlobalSection(ProjectConfigurationPlatforms) = postSolution
		{17B0B545-F816-4D1B-91DB-0736314D64CD}.Debug|Any CPU.ActiveCfg = Debug|Any CPU
		{17B0B545-F816-4D1B-91DB-0736314D64CD}.Debug|Any CPU.Build.0 = Debug|Any CPU
		{17B0B545-F816-4D1B-91DB-0736314D64CD}.Release|Any CPU.ActiveCfg = Release|Any CPU
		{17B0B545-F816-4D1B-91DB-0736314D64CD}.Release|Any CPU.Build.0 = Release|Any CPU
		{96CB7C0B-2C36-4726-A47A-3F99848955DD}.Debug|Any CPU.ActiveCfg = Debug|Any CPU
		{96CB7C0B-2C36-4726-A47A-3F99848955DD}.Debug|Any CPU.Build.0 = Debug|Any CPU
		{96CB7C0B-2C36-4726-A47A-3F99848955DD}.Release|Any CPU.ActiveCfg = Release|Any CPU
		{96CB7C0B-2C36-4726-A47A-3F99848955DD}.Release|Any CPU.Build.0 = Release|Any CPU
	EndGlobalSection
	GlobalSection(SolutionProperties) = preSolution
		HideSolutionNode = FALSE
	EndGlobalSection
	GlobalSection(ExtensibilityGlobals) = postSolution
		SolutionGuid = {86AA0D61-90D7-4005-93A9-5257B3C7CF63}
	EndGlobalSection
EndGlobal
