
Microsoft Visual Studio Solution File, Format Version 12.00
# Visual Studio Version 17
VisualStudioVersion = 17.14.37012.4 d17.14
MinimumVisualStudioVersion = 10.0.40219.1
Project("{FAE04EC0-301F-11D3-BF4B-00C04F79EFBC}") = "DependencyInjection", "DependencyInjection.csproj", "{F6D2D701-09EC-4D69-82A6-B168302E5988}"
EndProject
Global
	GlobalSection(SolutionConfigurationPlatforms) = preSolution
		Debug|Any CPU = Debug|Any CPU
		Release|Any CPU = Release|Any CPU
	EndGlobalSection
	GlobalSection(ProjectConfigurationPlatforms) = postSolution
		{F6D2D701-09EC-4D69-82A6-B168302E5988}.Debug|Any CPU.ActiveCfg = Debug|Any CPU
		{F6D2D701-09EC-4D69-82A6-B168302E5988}.Debug|Any CPU.Build.0 = Debug|Any CPU
		{F6D2D701-09EC-4D69-82A6-B168302E5988}.Release|Any CPU.ActiveCfg = Release|Any CPU
		{F6D2D701-09EC-4D69-82A6-B168302E5988}.Release|Any CPU.Build.0 = Release|Any CPU
	EndGlobalSection
	GlobalSection(SolutionProperties) = preSolution
		HideSolutionNode = FALSE
	EndGlobalSection
	GlobalSection(ExtensibilityGlobals) = postSolution
		SolutionGuid = {364335CA-D1C3-4592-94F4-6F5A166A1FE4}
	EndGlobalSection
EndGlobal
